
Microsoft Visual Studio Solution File, Format Version 12.00
# Visual Studio Version 16
VisualStudioVersion = 16.0.30204.135
MinimumVisualStudioVersion = 10.0.40219.1
Project("{FAE04EC0-301F-11D3-BF4B-00C04F79EFBC}") = "narozeniny", "narozeniny\narozeniny.csproj", "{EE33079F-B66B-4E6F-931C-ACA040D0F5BA}"
EndProject
Global
	GlobalSection(SolutionConfigurationPlatforms) = preSolution
		Debug|Any CPU = Debug|Any CPU
		Release|Any CPU = Release|Any CPU
	EndGlobalSection
	GlobalSection(ProjectConfigurationPlatforms) = postSolution
		{EE33079F-B66B-4E6F-931C-ACA040D0F5BA}.Debug|Any CPU.ActiveCfg = Debug|Any CPU
		{EE33079F-B66B-4E6F-931C-ACA040D0F5BA}.Debug|Any CPU.Build.0 = Debug|Any CPU
		{EE33079F-B66B-4E6F-931C-ACA040D0F5BA}.Release|Any CPU.ActiveCfg = Release|Any CPU
		{EE33079F-B66B-4E6F-931C-ACA040D0F5BA}.Release|Any CPU.Build.0 = Release|Any CPU
	EndGlobalSection
	GlobalSection(SolutionProperties) = preSolution
		HideSolutionNode = FALSE
	EndGlobalSection
	GlobalSection(ExtensibilityGlobals) = postSolution
		SolutionGuid = {B60E15DA-BE19-4226-AFC7-83E12DD5C331}
	EndGlobalSection
EndGlobal
